{
  "name": "pink-delight-cakes",
  "version": "0.1.0",
  "lockfileVersion": 3,
  "requires": true,
  "packages": {
    "": {
      "name": "pink-delight-cakes",
      "version": "0.1.0",
      "workspaces": [
        "apps/*",
        "packages/*"
      ],
      "dependencies": {
        "@sentry/cloudflare": "10.42.0"
      }
    },
    "node_modules/@opentelemetry/api": {
      "version": "1.9.1",
      "resolved": "https://registry.npmjs.org/@opentelemetry/api/-/api-1.9.1.tgz",
      "integrity": "sha512-gLyJlPHPZYdAk1JENA9LeHejZe1Ti77/pTeFm/nMXmQH/HFZlcS/O2XJB+L8fkbrNSqhdtlvjBVjxwUYanNH5Q==",
      "license": "Apache-2.0",
      "engines": {
        "node": ">=8.0.0"
      }
    },
    "node_modules/@sentry/cloudflare": {
      "version": "10.42.0",
      "resolved": "https://registry.npmjs.org/@sentry/cloudflare/-/cloudflare-10.42.0.tgz",
      "integrity": "sha512-EfovCbS4Xi8+epXilN6CzplxPzk+GxJZq574LaW8HJhIRnkF8/qfJ3iuh966EgKGCnVMF7c9EQsnfgcRKe8dog==",
      "license": "MIT",
      "dependencies": {
        "@opentelemetry/api": "^1.9.0",
        "@sentry/core": "10.42.0"
      },
      "engines": {
        "node": ">=18"
      },
      "peerDependencies": {
        "@cloudflare/workers-types": "^4.x"
      },
      "peerDependenciesMeta": {
        "@cloudflare/workers-types": {
          "optional": true
        }
      }
    },
    "node_modules/@sentry/core": {
      "version": "10.42.0",
      "resolved": "https://registry.npmjs.org/@sentry/core/-/core-10.42.0.tgz",
      "integrity": "sha512-L4rMrXMqUKBanpjpMT+TuAVk6xAijz6AWM6RiEYpohAr7SGcCEc1/T0+Ep1eLV8+pwWacfU27OvELIyNeOnGzA==",
      "license": "MIT",
      "engines": {
        "node": ">=18"
      }
    }
  }
}
